
Microsoft Visual Studio Solution File, Format Version 12.00
# Visual Studio Version 17
VisualStudioVersion = 17.0.32014.148
MinimumVisualStudioVersion = 10.0.40219.1
Project("{9A19103F-16F7-4668-BE54-9A1E7A4F7556}") = "Elevators-ByRaas", "Elevators-ByRaas\Elevators-ByRaas.csproj", "{A531842D-2D7E-447B-9B9F-14CB2C57C093}"
EndProject
Project("{9A19103F-16F7-4668-BE54-9A1E7A4F7556}") = "Models", "Models\Models.csproj", "{6F2DB6E6-5129-414C-85AB-004BDFAD6662}"
EndProject
Project("{9A19103F-16F7-4668-BE54-9A1E7A4F7556}") = "Services", "Services\Services.csproj", "{120A1CE6-EFB8-41CB-9B3D-09BE729F912C}"
EndProject
Project("{9A19103F-16F7-4668-BE54-9A1E7A4F7556}") = "DataAccess", "DataAccess\DataAccess.csproj", "{39F1535F-13EB-4D58-9931-22CD53CC8FF7}"
EndProject
Project("{2150E333-8FDC-42A3-9474-1A3956D46DE8}") = "Solution Items", "Solution Items", "{B272AA93-91AD-4281-A8FF-31A18F51AB28}"
	ProjectSection(SolutionItems) = preProject
		.gitignore = .gitignore
	EndProjectSection
EndProject
Global
	GlobalSection(SolutionConfigurationPlatforms) = preSolution
		Debug|Any CPU = Debug|Any CPU
		Release|Any CPU = Release|Any CPU
	EndGlobalSection
	GlobalSection(ProjectConfigurationPlatforms) = postSolution
		{A531842D-2D7E-447B-9B9F-14CB2C57C093}.Debug|Any CPU.ActiveCfg = Debug|Any CPU
		{A531842D-2D7E-447B-9B9F-14CB2C57C093}.Debug|Any CPU.Build.0 = Debug|Any CPU
		{A531842D-2D7E-447B-9B9F-14CB2C57C093}.Release|Any CPU.ActiveCfg = Release|Any CPU
		{A531842D-2D7E-447B-9B9F-14CB2C57C093}.Release|Any CPU.Build.0 = Release|Any CPU
		{6F2DB6E6-5129-414C-85AB-004BDFAD6662}.Debug|Any CPU.ActiveCfg = Debug|Any CPU
		{6F2DB6E6-5129-414C-85AB-004BDFAD6662}.Debug|Any CPU.Build.0 = Debug|Any CPU
		{6F2DB6E6-5129-414C-85AB-004BDFAD6662}.Release|Any CPU.ActiveCfg = Release|Any CPU
		{6F2DB6E6-5129-414C-85AB-004BDFAD6662}.Release|Any CPU.Build.0 = Release|Any CPU
		{120A1CE6-EFB8-41CB-9B3D-09BE729F912C}.Debug|Any CPU.ActiveCfg = Debug|Any CPU
		{120A1CE6-EFB8-41CB-9B3D-09BE729F912C}.Debug|Any CPU.Build.0 = Debug|Any CPU
		{120A1CE6-EFB8-41CB-9B3D-09BE729F912C}.Release|Any CPU.ActiveCfg = Release|Any CPU
		{120A1CE6-EFB8-41CB-9B3D-09BE729F912C}.Release|Any CPU.Build.0 = Release|Any CPU
		{39F1535F-13EB-4D58-9931-22CD53CC8FF7}.Debug|Any CPU.ActiveCfg = Debug|Any CPU
		{39F1535F-13EB-4D58-9931-22CD53CC8FF7}.Debug|Any CPU.Build.0 = Debug|Any CPU
		{39F1535F-13EB-4D58-9931-22CD53CC8FF7}.Release|Any CPU.ActiveCfg = Release|Any CPU
		{39F1535F-13EB-4D58-9931-22CD53CC8FF7}.Release|Any CPU.Build.0 = Release|Any CPU
	EndGlobalSection
	GlobalSection(SolutionProperties) = preSolution
		HideSolutionNode = FALSE
	EndGlobalSection
	GlobalSection(ExtensibilityGlobals) = postSolution
		SolutionGuid = {46D91444-16D2-454C-9E09-0E6837D17D05}
	EndGlobalSection
EndGlobal
